
Microsoft Visual Studio Solution File, Format Version 12.00
# Visual Studio Version 16
VisualStudioVersion = 16.0.30523.141
MinimumVisualStudioVersion = 10.0.40219.1
Project("{FAE04EC0-301F-11D3-BF4B-00C04F79EFBC}") = "ChangeMetadata", "ChangeMetadata.csproj", "{93E24BE2-40D2-4B72-9167-E382C1686250}"
EndProject
Global
	GlobalSection(SolutionConfigurationPlatforms) = preSolution
		Debug|Any CPU = Debug|Any CPU
		Release|Any CPU = Release|Any CPU
	EndGlobalSection
	GlobalSection(ProjectConfigurationPlatforms) = postSolution
		{93E24BE2-40D2-4B72-9167-E382C1686250}.Debug|Any CPU.ActiveCfg = Debug|Any CPU
		{93E24BE2-40D2-4B72-9167-E382C1686250}.Debug|Any CPU.Build.0 = Debug|Any CPU
		{93E24BE2-40D2-4B72-9167-E382C1686250}.Release|Any CPU.ActiveCfg = Release|Any CPU
		{93E24BE2-40D2-4B72-9167-E382C1686250}.Release|Any CPU.Build.0 = Release|Any CPU
	EndGlobalSection
	GlobalSection(SolutionProperties) = preSolution
		HideSolutionNode = FALSE
	EndGlobalSection
	GlobalSection(ExtensibilityGlobals) = postSolution
		SolutionGuid = {C7988876-CC49-4E87-8A38-81C2EA67CE86}
	EndGlobalSection
EndGlobal
